
Microsoft Visual Studio Solution File, Format Version 12.00
# Visual Studio Version 16
VisualStudioVersion = 16.0.31613.86
MinimumVisualStudioVersion = 10.0.40219.1
Project("{FAE04EC0-301F-11D3-BF4B-00C04F79EFBC}") = "SJF - Non Preemptive - Case", "SJF - Non Preemptive - Case\SJF - Non Preemptive - Case.csproj", "{2E7F41A0-06FB-4048-975F-420D3C5E8047}"
EndProject
Global
	GlobalSection(SolutionConfigurationPlatforms) = preSolution
		Debug|Any CPU = Debug|Any CPU
		Release|Any CPU = Release|Any CPU
	EndGlobalSection
	GlobalSection(ProjectConfigurationPlatforms) = postSolution
		{2E7F41A0-06FB-4048-975F-420D3C5E8047}.Debug|Any CPU.ActiveCfg = Debug|Any CPU
		{2E7F41A0-06FB-4048-975F-420D3C5E8047}.Debug|Any CPU.Build.0 = Debug|Any CPU
		{2E7F41A0-06FB-4048-975F-420D3C5E8047}.Release|Any CPU.ActiveCfg = Release|Any CPU
		{2E7F41A0-06FB-4048-975F-420D3C5E8047}.Release|Any CPU.Build.0 = Release|Any CPU
	EndGlobalSection
	GlobalSection(SolutionProperties) = preSolution
		HideSolutionNode = FALSE
	EndGlobalSection
	GlobalSection(ExtensibilityGlobals) = postSolution
		SolutionGuid = {C1F741B4-501B-461B-A486-7D6B5EA9F2ED}
	EndGlobalSection
EndGlobal
